
Microsoft Visual Studio Solution File, Format Version 12.00
# Visual Studio Version 16
VisualStudioVersion = 16.0.32228.343
MinimumVisualStudioVersion = 10.0.40219.1
Project("{9A19103F-16F7-4668-BE54-9A1E7A4F7556}") = "Entidades", "Entidades\Entidades.csproj", "{1BC06721-6C23-4932-9BEB-02B46EF5236A}"
EndProject
Project("{9A19103F-16F7-4668-BE54-9A1E7A4F7556}") = "PruebasUnitarias", "PruebasUnitarias\PruebasUnitarias.csproj", "{FD0D8EB6-B3AF-4960-9DDF-D364B7BC14F5}"
EndProject
Project("{FAE04EC0-301F-11D3-BF4B-00C04F79EFBC}") = "útiles", "Cartuchera\útiles.csproj", "{834041E9-3C5C-4F2D-8876-C140853629BA}"
EndProject
Global
	GlobalSection(SolutionConfigurationPlatforms) = preSolution
		Debug|Any CPU = Debug|Any CPU
		Release|Any CPU = Release|Any CPU
	EndGlobalSection
	GlobalSection(ProjectConfigurationPlatforms) = postSolution
		{1BC06721-6C23-4932-9BEB-02B46EF5236A}.Debug|Any CPU.ActiveCfg = Debug|Any CPU
		{1BC06721-6C23-4932-9BEB-02B46EF5236A}.Debug|Any CPU.Build.0 = Debug|Any CPU
		{1BC06721-6C23-4932-9BEB-02B46EF5236A}.Release|Any CPU.ActiveCfg = Release|Any CPU
		{1BC06721-6C23-4932-9BEB-02B46EF5236A}.Release|Any CPU.Build.0 = Release|Any CPU
		{FD0D8EB6-B3AF-4960-9DDF-D364B7BC14F5}.Debug|Any CPU.ActiveCfg = Debug|Any CPU
		{FD0D8EB6-B3AF-4960-9DDF-D364B7BC14F5}.Debug|Any CPU.Build.0 = Debug|Any CPU
		{FD0D8EB6-B3AF-4960-9DDF-D364B7BC14F5}.Release|Any CPU.ActiveCfg = Release|Any CPU
		{FD0D8EB6-B3AF-4960-9DDF-D364B7BC14F5}.Release|Any CPU.Build.0 = Release|Any CPU
		{834041E9-3C5C-4F2D-8876-C140853629BA}.Debug|Any CPU.ActiveCfg = Debug|Any CPU
		{834041E9-3C5C-4F2D-8876-C140853629BA}.Debug|Any CPU.Build.0 = Debug|Any CPU
		{834041E9-3C5C-4F2D-8876-C140853629BA}.Release|Any CPU.ActiveCfg = Release|Any CPU
		{834041E9-3C5C-4F2D-8876-C140853629BA}.Release|Any CPU.Build.0 = Release|Any CPU
	EndGlobalSection
	GlobalSection(SolutionProperties) = preSolution
		HideSolutionNode = FALSE
	EndGlobalSection
	GlobalSection(ExtensibilityGlobals) = postSolution
		SolutionGuid = {8258072D-E76E-4E4E-959C-A237825F346C}
	EndGlobalSection
EndGlobal
